
Microsoft Visual Studio Solution File, Format Version 12.00
# Visual Studio Version 16
VisualStudioVersion = 16.0.31205.134
MinimumVisualStudioVersion = 10.0.40219.1
Project("{8BC9CEB8-8B4A-11D0-8D11-00A0C91BC942}") = "ptt", "ptt\ptt.vcxproj", "{7DC57634-9DB7-43FF-9F4A-3A0F966ED4FF}"
EndProject
Global
	GlobalSection(SolutionConfigurationPlatforms) = preSolution
		Debug|x64 = Debug|x64
		Debug|x86 = Debug|x86
		Release|x64 = Release|x64
		Release|x86 = Release|x86
	EndGlobalSection
	GlobalSection(ProjectConfigurationPlatforms) = postSolution
		{7DC57634-9DB7-43FF-9F4A-3A0F966ED4FF}.Debug|x64.ActiveCfg = Debug|x64
		{7DC57634-9DB7-43FF-9F4A-3A0F966ED4FF}.Debug|x64.Build.0 = Debug|x64
		{7DC57634-9DB7-43FF-9F4A-3A0F966ED4FF}.Debug|x86.ActiveCfg = Debug|Win32
		{7DC57634-9DB7-43FF-9F4A-3A0F966ED4FF}.Debug|x86.Build.0 = Debug|Win32
		{7DC57634-9DB7-43FF-9F4A-3A0F966ED4FF}.Release|x64.ActiveCfg = Release|x64
		{7DC57634-9DB7-43FF-9F4A-3A0F966ED4FF}.Release|x64.Build.0 = Release|x64
		{7DC57634-9DB7-43FF-9F4A-3A0F966ED4FF}.Release|x86.ActiveCfg = Release|Win32
		{7DC57634-9DB7-43FF-9F4A-3A0F966ED4FF}.Release|x86.Build.0 = Release|Win32
	EndGlobalSection
	GlobalSection(SolutionProperties) = preSolution
		HideSolutionNode = FALSE
	EndGlobalSection
	GlobalSection(ExtensibilityGlobals) = postSolution
		SolutionGuid = {18B4F625-E8C9-4B53-8C84-5983C8F8D4C1}
	EndGlobalSection
EndGlobal
